
Microsoft Visual Studio Solution File, Format Version 12.00
# Visual Studio Version 17
VisualStudioVersion = 17.0.31903.59
MinimumVisualStudioVersion = 10.0.40219.1
Project("{FAE04EC0-301F-11D3-BF4B-00C04F79EFBC}") = "BizuitCustomForms.WebApi", "BizuitCustomForms.WebApi\BizuitCustomForms.WebApi.csproj", "{76945636-7A1E-4082-B3B2-C8727BB4FC8F}"
EndProject
Project("{FAE04EC0-301F-11D3-BF4B-00C04F79EFBC}") = "BizuitCustomForms.Tests", "BizuitCustomForms.Tests\BizuitCustomForms.Tests.csproj", "{070F6A5A-935F-4D93-9A1C-938BFCFFF0D1}"
EndProject
Global
	GlobalSection(SolutionConfigurationPlatforms) = preSolution
		Debug|Any CPU = Debug|Any CPU
		Debug|x64 = Debug|x64
		Debug|x86 = Debug|x86
		Release|Any CPU = Release|Any CPU
		Release|x64 = Release|x64
		Release|x86 = Release|x86
	EndGlobalSection
	GlobalSection(ProjectConfigurationPlatforms) = postSolution
		{76945636-7A1E-4082-B3B2-C8727BB4FC8F}.Debug|Any CPU.ActiveCfg = Debug|Any CPU
		{76945636-7A1E-4082-B3B2-C8727BB4FC8F}.Debug|Any CPU.Build.0 = Debug|Any CPU
		{76945636-7A1E-4082-B3B2-C8727BB4FC8F}.Debug|x64.ActiveCfg = Debug|Any CPU
		{76945636-7A1E-4082-B3B2-C8727BB4FC8F}.Debug|x64.Build.0 = Debug|Any CPU
		{76945636-7A1E-4082-B3B2-C8727BB4FC8F}.Debug|x86.ActiveCfg = Debug|Any CPU
		{76945636-7A1E-4082-B3B2-C8727BB4FC8F}.Debug|x86.Build.0 = Debug|Any CPU
		{76945636-7A1E-4082-B3B2-C8727BB4FC8F}.Release|Any CPU.ActiveCfg = Release|Any CPU
		{76945636-7A1E-4082-B3B2-C8727BB4FC8F}.Release|Any CPU.Build.0 = Release|Any CPU
		{76945636-7A1E-4082-B3B2-C8727BB4FC8F}.Release|x64.ActiveCfg = Release|Any CPU
		{76945636-7A1E-4082-B3B2-C8727BB4FC8F}.Release|x64.Build.0 = Release|Any CPU
		{76945636-7A1E-4082-B3B2-C8727BB4FC8F}.Release|x86.ActiveCfg = Release|Any CPU
		{76945636-7A1E-4082-B3B2-C8727BB4FC8F}.Release|x86.Build.0 = Release|Any CPU
		{070F6A5A-935F-4D93-9A1C-938BFCFFF0D1}.Debug|Any CPU.ActiveCfg = Debug|Any CPU
		{070F6A5A-935F-4D93-9A1C-938BFCFFF0D1}.Debug|Any CPU.Build.0 = Debug|Any CPU
		{070F6A5A-935F-4D93-9A1C-938BFCFFF0D1}.Debug|x64.ActiveCfg = Debug|Any CPU
		{070F6A5A-935F-4D93-9A1C-938BFCFFF0D1}.Debug|x64.Build.0 = Debug|Any CPU
		{070F6A5A-935F-4D93-9A1C-938BFCFFF0D1}.Debug|x86.ActiveCfg = Debug|Any CPU
		{070F6A5A-935F-4D93-9A1C-938BFCFFF0D1}.Debug|x86.Build.0 = Debug|Any CPU
		{070F6A5A-935F-4D93-9A1C-938BFCFFF0D1}.Release|Any CPU.ActiveCfg = Release|Any CPU
		{070F6A5A-935F-4D93-9A1C-938BFCFFF0D1}.Release|Any CPU.Build.0 = Release|Any CPU
		{070F6A5A-935F-4D93-9A1C-938BFCFFF0D1}.Release|x64.ActiveCfg = Release|Any CPU
		{070F6A5A-935F-4D93-9A1C-938BFCFFF0D1}.Release|x64.Build.0 = Release|Any CPU
		{070F6A5A-935F-4D93-9A1C-938BFCFFF0D1}.Release|x86.ActiveCfg = Release|Any CPU
		{070F6A5A-935F-4D93-9A1C-938BFCFFF0D1}.Release|x86.Build.0 = Release|Any CPU
	EndGlobalSection
	GlobalSection(SolutionProperties) = preSolution
		HideSolutionNode = FALSE
	EndGlobalSection
EndGlobal
